
Microsoft Visual Studio Solution File, Format Version 12.00
# Visual Studio 15
VisualStudioVersion = 15.0.27130.2024
MinimumVisualStudioVersion = 10.0.40219.1
Project("{FAE04EC0-301F-11D3-BF4B-00C04F79EFBC}") = "Dapper.Demo.Tests", "Dapper.Demo.Tests\Dapper.Demo.Tests.csproj", "{973F0A7B-A3A5-4BED-AEC5-56E2747DD129}"
EndProject
Project("{2150E333-8FDC-42A3-9474-1A3956D46DE8}") = "sql", "sql", "{EEE65649-5CC5-4EE3-8D4E-EA395B0D5CDD}"
	ProjectSection(SolutionItems) = preProject
		sql\Create dbo.Calls.sql = sql\Create dbo.Calls.sql
		sql\Create dbo.Customers.sql = sql\Create dbo.Customers.sql
		sql\Create dbo.PhysicalAddresses.sql = sql\Create dbo.PhysicalAddresses.sql
		sql\Insert dbo.Calls.sql = sql\Insert dbo.Calls.sql
		sql\Insert dbo.Customers.sql = sql\Insert dbo.Customers.sql
		sql\Insert dbo.PhysicalAddresses.sql = sql\Insert dbo.PhysicalAddresses.sql
		readme.txt = readme.txt
	EndProjectSection
EndProject
Project("{2150E333-8FDC-42A3-9474-1A3956D46DE8}") = "Solution Items", "Solution Items", "{3CA25B8E-CDB8-4D0E-A979-29EAEFEED8E6}"
	ProjectSection(SolutionItems) = preProject
		TODO.txt = TODO.txt
	EndProjectSection
EndProject
Global
	GlobalSection(SolutionConfigurationPlatforms) = preSolution
		Debug|Any CPU = Debug|Any CPU
		Release|Any CPU = Release|Any CPU
	EndGlobalSection
	GlobalSection(ProjectConfigurationPlatforms) = postSolution
		{973F0A7B-A3A5-4BED-AEC5-56E2747DD129}.Debug|Any CPU.ActiveCfg = Debug|Any CPU
		{973F0A7B-A3A5-4BED-AEC5-56E2747DD129}.Debug|Any CPU.Build.0 = Debug|Any CPU
		{973F0A7B-A3A5-4BED-AEC5-56E2747DD129}.Release|Any CPU.ActiveCfg = Release|Any CPU
		{973F0A7B-A3A5-4BED-AEC5-56E2747DD129}.Release|Any CPU.Build.0 = Release|Any CPU
	EndGlobalSection
	GlobalSection(SolutionProperties) = preSolution
		HideSolutionNode = FALSE
	EndGlobalSection
	GlobalSection(ExtensibilityGlobals) = postSolution
		SolutionGuid = {762AD5D1-05B9-483F-BD1E-578386422AF8}
	EndGlobalSection
EndGlobal
